
Microsoft Visual Studio Solution File, Format Version 12.00
# Visual Studio Version 16
VisualStudioVersion = 16.0.30907.101
MinimumVisualStudioVersion = 10.0.40219.1
Project("{FAE04EC0-301F-11D3-BF4B-00C04F79EFBC}") = "WPFtest1", "WPFtest1\WPFtest1.csproj", "{24D8D162-ECA8-4391-927C-2368850344A3}"
EndProject
Project("{9A19103F-16F7-4668-BE54-9A1E7A4F7556}") = "NodeNetwork", "WPFtest1\NodeNetwork\NodeNetwork.csproj", "{414BF4D0-A044-46BD-AB32-36972B139164}"
EndProject
Global
	GlobalSection(SolutionConfigurationPlatforms) = preSolution
		Debug|Any CPU = Debug|Any CPU
		Release|Any CPU = Release|Any CPU
	EndGlobalSection
	GlobalSection(ProjectConfigurationPlatforms) = postSolution
		{24D8D162-ECA8-4391-927C-2368850344A3}.Debug|Any CPU.ActiveCfg = Debug|Any CPU
		{24D8D162-ECA8-4391-927C-2368850344A3}.Debug|Any CPU.Build.0 = Debug|Any CPU
		{24D8D162-ECA8-4391-927C-2368850344A3}.Release|Any CPU.ActiveCfg = Release|Any CPU
		{24D8D162-ECA8-4391-927C-2368850344A3}.Release|Any CPU.Build.0 = Release|Any CPU
		{414BF4D0-A044-46BD-AB32-36972B139164}.Debug|Any CPU.ActiveCfg = Debug|Any CPU
		{414BF4D0-A044-46BD-AB32-36972B139164}.Release|Any CPU.ActiveCfg = Release|Any CPU
		{414BF4D0-A044-46BD-AB32-36972B139164}.Release|Any CPU.Build.0 = Release|Any CPU
	EndGlobalSection
	GlobalSection(SolutionProperties) = preSolution
		HideSolutionNode = FALSE
	EndGlobalSection
	GlobalSection(ExtensibilityGlobals) = postSolution
		SolutionGuid = {2AC14022-F65F-47B8-87EF-0EEA7CED7862}
	EndGlobalSection
EndGlobal
